// !$*UTF8*$!
{
	archiveVersion = 1;
	classes = {
	};
	objectVersion = 50;
	objects = {

/* Begin PBXBuildFile section */
		46F4A17E24168EF10023D8D6 /* main.cpp in Sources */ = {isa = PBXBuildFile; fileRef = 46F4A17D24168EF10023D8D6 /* main.cpp */; };
		46F4A18D24168F9C0023D8D6 /* libcrypto.1.1.dylib in Frameworks */ = {isa = PBXBuildFile; fileRef = 46F4A18B24168F9C0023D8D6 /* libcrypto.1.1.dylib */; };
		46F4A18E24168F9C0023D8D6 /* libssl.1.1.dylib in Frameworks */ = {isa = PBXBuildFile; fileRef = 46F4A18C24168F9C0023D8D6 /* libssl.1.1.dylib */; };
/* End PBXBuildFile section */

/* Begin PBXCopyFilesBuildPhase section */
		46F4A17824168EF10023D8D6 /* CopyFiles */ = {
			isa = PBXCopyFilesBuildPhase;
			buildActionMask = 2147483647;
			dstPath = /usr/share/man/man1/;
			dstSubfolderSpec = 0;
			files = (
			);
			runOnlyForDeploymentPostprocessing = 1;
		};
/* End PBXCopyFilesBuildPhase section */

/* Begin PBXFileReference section */
		46F4A17A24168EF10023D8D6 /* test4 */ = {isa = PBXFileReference; explicitFileType = "compiled.mach-o.executable"; includeInIndex = 0; path = test4; sourceTree = BUILT_PRODUCTS_DIR; };
		46F4A17D24168EF10023D8D6 /* main.cpp */ = {isa = PBXFileReference; lastKnownFileType = sourcecode.cpp.cpp; path = main.cpp; sourceTree = "<group>"; };
		46F4A18424168F210023D8D6 /* ssl_header.hpp */ = {isa = PBXFileReference; fileEncoding = 4; lastKnownFileType = sourcecode.cpp.h; name = ssl_header.hpp; path = ../../../../WebServer/webserver/webserver/no_socket/ssl_header.hpp; sourceTree = "<group>"; };
		46F4A18524168F210023D8D6 /* cert.pem */ = {isa = PBXFileReference; fileEncoding = 4; lastKnownFileType = text; name = cert.pem; path = ../../../../WebServer/webserver/webserver/no_socket/cert.pem; sourceTree = "<group>"; };
		46F4A18624168F220023D8D6 /* sock.hpp */ = {isa = PBXFileReference; fileEncoding = 4; lastKnownFileType = sourcecode.cpp.h; name = sock.hpp; path = ../../../../WebServer/webserver/webserver/no_socket/sock.hpp; sourceTree = "<group>"; };
		46F4A18724168F220023D8D6 /* ssl_sock.hpp */ = {isa = PBXFileReference; fileEncoding = 4; lastKnownFileType = sourcecode.cpp.h; name = ssl_sock.hpp; path = ../../../../WebServer/webserver/webserver/no_socket/ssl_sock.hpp; sourceTree = "<group>"; };
		46F4A18824168F220023D8D6 /* cheader.hpp */ = {isa = PBXFileReference; fileEncoding = 4; lastKnownFileType = sourcecode.cpp.h; name = cheader.hpp; path = ../../../../WebServer/webserver/webserver/no_socket/cheader.hpp; sourceTree = "<group>"; };
		46F4A18924168F220023D8D6 /* privkey.pem */ = {isa = PBXFileReference; fileEncoding = 4; lastKnownFileType = text; name = privkey.pem; path = ../../../../WebServer/webserver/webserver/no_socket/privkey.pem; sourceTree = "<group>"; };
		46F4A18B24168F9C0023D8D6 /* libcrypto.1.1.dylib */ = {isa = PBXFileReference; lastKnownFileType = "compiled.mach-o.dylib"; name = libcrypto.1.1.dylib; path = "../../../../../../usr/local/Cellar/openssl@1.1/1.1.1d/lib/libcrypto.1.1.dylib"; sourceTree = "<group>"; };
		46F4A18C24168F9C0023D8D6 /* libssl.1.1.dylib */ = {isa = PBXFileReference; lastKnownFileType = "compiled.mach-o.dylib"; name = libssl.1.1.dylib; path = "../../../../../../usr/local/Cellar/openssl@1.1/1.1.1d/lib/libssl.1.1.dylib"; sourceTree = "<group>"; };
/* End PBXFileReference section */

/* Begin PBXFrameworksBuildPhase section */
		46F4A17724168EF10023D8D6 /* Frameworks */ = {
			isa = PBXFrameworksBuildPhase;
			buildActionMask = 2147483647;
			files = (
				46F4A18D24168F9C0023D8D6 /* libcrypto.1.1.dylib in Frameworks */,
				46F4A18E24168F9C0023D8D6 /* libssl.1.1.dylib in Frameworks */,
			);
			runOnlyForDeploymentPostprocessing = 0;
		};
/* End PBXFrameworksBuildPhase section */

/* Begin PBXGroup section */
		46F4A17124168EF10023D8D6 = {
			isa = PBXGroup;
			children = (
				46F4A17C24168EF10023D8D6 /* test4 */,
				46F4A17B24168EF10023D8D6 /* Products */,
				46F4A18A24168F9C0023D8D6 /* Frameworks */,
			);
			sourceTree = "<group>";
		};
		46F4A17B24168EF10023D8D6 /* Products */ = {
			isa = PBXGroup;
			children = (
				46F4A17A24168EF10023D8D6 /* test4 */,
			);
			name = Products;
			sourceTree = "<group>";
		};
		46F4A17C24168EF10023D8D6 /* test4 */ = {
			isa = PBXGroup;
			children = (
				46F4A18524168F210023D8D6 /* cert.pem */,
				46F4A18824168F220023D8D6 /* cheader.hpp */,
				46F4A18924168F220023D8D6 /* privkey.pem */,
				46F4A18624168F220023D8D6 /* sock.hpp */,
				46F4A18424168F210023D8D6 /* ssl_header.hpp */,
				46F4A18724168F220023D8D6 /* ssl_sock.hpp */,
				46F4A17D24168EF10023D8D6 /* main.cpp */,
			);
			path = test4;
			sourceTree = "<group>";
		};
		46F4A18A24168F9C0023D8D6 /* Frameworks */ = {
			isa = PBXGroup;
			children = (
				46F4A18B24168F9C0023D8D6 /* libcrypto.1.1.dylib */,
				46F4A18C24168F9C0023D8D6 /* libssl.1.1.dylib */,
			);
			name = Frameworks;
			sourceTree = "<group>";
		};
/* End PBXGroup section */

/* Begin PBXNativeTarget section */
		46F4A17924168EF10023D8D6 /* test4 */ = {
			isa = PBXNativeTarget;
			buildConfigurationList = 46F4A18124168EF10023D8D6 /* Build configuration list for PBXNativeTarget "test4" */;
			buildPhases = (
				46F4A17624168EF10023D8D6 /* Sources */,
				46F4A17724168EF10023D8D6 /* Frameworks */,
				46F4A17824168EF10023D8D6 /* CopyFiles */,
			);
			buildRules = (
			);
			dependencies = (
			);
			name = test4;
			productName = test4;
			productReference = 46F4A17A24168EF10023D8D6 /* test4 */;
			productType = "com.apple.product-type.tool";
		};
/* End PBXNativeTarget section */

/* Begin PBXProject section */
		46F4A17224168EF10023D8D6 /* Project object */ = {
			isa = PBXProject;
			attributes = {
				LastUpgradeCheck = 1130;
				ORGANIZATIONNAME = "董大宽";
				TargetAttributes = {
					46F4A17924168EF10023D8D6 = {
						CreatedOnToolsVersion = 11.3.1;
					};
				};
			};
			buildConfigurationList = 46F4A17524168EF10023D8D6 /* Build configuration list for PBXProject "test4" */;
			compatibilityVersion = "Xcode 9.3";
			developmentRegion = en;
			hasScannedForEncodings = 0;
			knownRegions = (
				en,
				Base,
			);
			mainGroup = 46F4A17124168EF10023D8D6;
			productRefGroup = 46F4A17B24168EF10023D8D6 /* Products */;
			projectDirPath = "";
			projectRoot = "";
			targets = (
				46F4A17924168EF10023D8D6 /* test4 */,
			);
		};
/* End PBXProject section */

/* Begin PBXSourcesBuildPhase section */
		46F4A17624168EF10023D8D6 /* Sources */ = {
			isa = PBXSourcesBuildPhase;
			buildActionMask = 2147483647;
			files = (
				46F4A17E24168EF10023D8D6 /* main.cpp in Sources */,
			);
			runOnlyForDeploymentPostprocessing = 0;
		};
/* End PBXSourcesBuildPhase section */

/* Begin XCBuildConfiguration section */
		46F4A17F24168EF10023D8D6 /* Debug */ = {
			isa = XCBuildConfiguration;
			buildSettings = {
				ALWAYS_SEARCH_USER_PATHS = NO;
				CLANG_ANALYZER_NONNULL = YES;
				CLANG_ANALYZER_NUMBER_OBJECT_CONVERSION = YES_AGGRESSIVE;
				CLANG_CXX_LANGUAGE_STANDARD = "gnu++14";
				CLANG_CXX_LIBRARY = "libc++";
				CLANG_ENABLE_MODULES = YES;
				CLANG_ENABLE_OBJC_ARC = YES;
				CLANG_ENABLE_OBJC_WEAK = YES;
				CLANG_WARN_BLOCK_CAPTURE_AUTORELEASING = YES;
				CLANG_WARN_BOOL_CONVERSION = YES;
				CLANG_WARN_COMMA = YES;
				CLANG_WARN_CONSTANT_CONVERSION = YES;
				CLANG_WARN_DEPRECATED_OBJC_IMPLEMENTATIONS = YES;
				CLANG_WARN_DIRECT_OBJC_ISA_USAGE = YES_ERROR;
				CLANG_WARN_DOCUMENTATION_COMMENTS = YES;
				CLANG_WARN_EMPTY_BODY = YES;
				CLANG_WARN_ENUM_CONVERSION = YES;
				CLANG_WARN_INFINITE_RECURSION = YES;
				CLANG_WARN_INT_CONVERSION = YES;
				CLANG_WARN_NON_LITERAL_NULL_CONVERSION = YES;
				CLANG_WARN_OBJC_IMPLICIT_RETAIN_SELF = YES;
				CLANG_WARN_OBJC_LITERAL_CONVERSION = YES;
				CLANG_WARN_OBJC_ROOT_CLASS = YES_ERROR;
				CLANG_WARN_RANGE_LOOP_ANALYSIS = YES;
				CLANG_WARN_STRICT_PROTOTYPES = YES;
				CLANG_WARN_SUSPICIOUS_MOVE = YES;
				CLANG_WARN_UNGUARDED_AVAILABILITY = YES_AGGRESSIVE;
				CLANG_WARN_UNREACHABLE_CODE = YES;
				CLANG_WARN__DUPLICATE_METHOD_MATCH = YES;
				COPY_PHASE_STRIP = NO;
				DEBUG_INFORMATION_FORMAT = dwarf;
				ENABLE_STRICT_OBJC_MSGSEND = YES;
				ENABLE_TESTABILITY = YES;
				GCC_C_LANGUAGE_STANDARD = gnu11;
				GCC_DYNAMIC_NO_PIC = NO;
				GCC_NO_COMMON_BLOCKS = YES;
				GCC_OPTIMIZATION_LEVEL = 0;
				GCC_PREPROCESSOR_DEFINITIONS = (
					"DEBUG=1",
					"$(inherited)",
				);
				GCC_WARN_64_TO_32_BIT_CONVERSION = YES;
				GCC_WARN_ABOUT_RETURN_TYPE = YES_ERROR;
				GCC_WARN_UNDECLARED_SELECTOR = YES;
				GCC_WARN_UNINITIALIZED_AUTOS = YES_AGGRESSIVE;
				GCC_WARN_UNUSED_FUNCTION = YES;
				GCC_WARN_UNUSED_VARIABLE = YES;
				MACOSX_DEPLOYMENT_TARGET = 10.15;
				MTL_ENABLE_DEBUG_INFO = INCLUDE_SOURCE;
				MTL_FAST_MATH = YES;
				ONLY_ACTIVE_ARCH = YES;
				SDKROOT = macosx;
			};
			name = Debug;
		};
		46F4A18024168EF10023D8D6 /* Release */ = {
			isa = XCBuildConfiguration;
			buildSettings = {
				ALWAYS_SEARCH_USER_PATHS = NO;
				CLANG_ANALYZER_NONNULL = YES;
				CLANG_ANALYZER_NUMBER_OBJECT_CONVERSION = YES_AGGRESSIVE;
				CLANG_CXX_LANGUAGE_STANDARD = "gnu++14";
				CLANG_CXX_LIBRARY = "libc++";
				CLANG_ENABLE_MODULES = YES;
				CLANG_ENABLE_OBJC_ARC = YES;
				CLANG_ENABLE_OBJC_WEAK = YES;
				CLANG_WARN_BLOCK_CAPTURE_AUTORELEASING = YES;
				CLANG_WARN_BOOL_CONVERSION = YES;
				CLANG_WARN_COMMA = YES;
				CLANG_WARN_CONSTANT_CONVERSION = YES;
				CLANG_WARN_DEPRECATED_OBJC_IMPLEMENTATIONS = YES;
				CLANG_WARN_DIRECT_OBJC_ISA_USAGE = YES_ERROR;
				CLANG_WARN_DOCUMENTATION_COMMENTS = YES;
				CLANG_WARN_EMPTY_BODY = YES;
				CLANG_WARN_ENUM_CONVERSION = YES;
				CLANG_WARN_INFINITE_RECURSION = YES;
				CLANG_WARN_INT_CONVERSION = YES;
				CLANG_WARN_NON_LITERAL_NULL_CONVERSION = YES;
				CLANG_WARN_OBJC_IMPLICIT_RETAIN_SELF = YES;
				CLANG_WARN_OBJC_LITERAL_CONVERSION = YES;
				CLANG_WARN_OBJC_ROOT_CLASS = YES_ERROR;
				CLANG_WARN_RANGE_LOOP_ANALYSIS = YES;
				CLANG_WARN_STRICT_PROTOTYPES = YES;
				CLANG_WARN_SUSPICIOUS_MOVE = YES;
				CLANG_WARN_UNGUARDED_AVAILABILITY = YES_AGGRESSIVE;
				CLANG_WARN_UNREACHABLE_CODE = YES;
				CLANG_WARN__DUPLICATE_METHOD_MATCH = YES;
				COPY_PHASE_STRIP = NO;
				DEBUG_INFORMATION_FORMAT = "dwarf-with-dsym";
				ENABLE_NS_ASSERTIONS = NO;
				ENABLE_STRICT_OBJC_MSGSEND = YES;
				GCC_C_LANGUAGE_STANDARD = gnu11;
				GCC_NO_COMMON_BLOCKS = YES;
				GCC_WARN_64_TO_32_BIT_CONVERSION = YES;
				GCC_WARN_ABOUT_RETURN_TYPE = YES_ERROR;
				GCC_WARN_UNDECLARED_SELECTOR = YES;
				GCC_WARN_UNINITIALIZED_AUTOS = YES_AGGRESSIVE;
				GCC_WARN_UNUSED_FUNCTION = YES;
				GCC_WARN_UNUSED_VARIABLE = YES;
				MACOSX_DEPLOYMENT_TARGET = 10.15;
				MTL_ENABLE_DEBUG_INFO = NO;
				MTL_FAST_MATH = YES;
				SDKROOT = macosx;
			};
			name = Release;
		};
		46F4A18224168EF10023D8D6 /* Debug */ = {
			isa = XCBuildConfiguration;
			buildSettings = {
				CODE_SIGN_STYLE = Automatic;
				HEADER_SEARCH_PATHS = "/usr/local/Cellar/openssl@1.1/1.1.1d/include/";
				LIBRARY_SEARCH_PATHS = (
					"$(inherited)",
					"/usr/local/Cellar/openssl@1.1/1.1.1d/lib",
				);
				PRODUCT_NAME = "$(TARGET_NAME)";
			};
			name = Debug;
		};
		46F4A18324168EF10023D8D6 /* Release */ = {
			isa = XCBuildConfiguration;
			buildSettings = {
				CODE_SIGN_STYLE = Automatic;
				HEADER_SEARCH_PATHS = "/usr/local/Cellar/openssl@1.1/1.1.1d/include/";
				LIBRARY_SEARCH_PATHS = (
					"$(inherited)",
					"/usr/local/Cellar/openssl@1.1/1.1.1d/lib",
				);
				PRODUCT_NAME = "$(TARGET_NAME)";
			};
			name = Release;
		};
/* End XCBuildConfiguration section */

/* Begin XCConfigurationList section */
		46F4A17524168EF10023D8D6 /* Build configuration list for PBXProject "test4" */ = {
			isa = XCConfigurationList;
			buildConfigurations = (
				46F4A17F24168EF10023D8D6 /* Debug */,
				46F4A18024168EF10023D8D6 /* Release */,
			);
			defaultConfigurationIsVisible = 0;
			defaultConfigurationName = Release;
		};
		46F4A18124168EF10023D8D6 /* Build configuration list for PBXNativeTarget "test4" */ = {
			isa = XCConfigurationList;
			buildConfigurations = (
				46F4A18224168EF10023D8D6 /* Debug */,
				46F4A18324168EF10023D8D6 /* Release */,
			);
			defaultConfigurationIsVisible = 0;
			defaultConfigurationName = Release;
		};
/* End XCConfigurationList section */
	};
	rootObject = 46F4A17224168EF10023D8D6 /* Project object */;
}
